
Microsoft Visual Studio Solution File, Format Version 12.00
# Visual Studio Version 16
VisualStudioVersion = 16.0.30907.101
MinimumVisualStudioVersion = 10.0.40219.1
Project("{FAE04EC0-301F-11D3-BF4B-00C04F79EFBC}") = "IwUVEditor", "PEPIwUVEditor\IwUVEditor.csproj", "{ED049A74-F9D8-49B7-8889-3CD865D263AF}"
EndProject
Global
	GlobalSection(SolutionConfigurationPlatforms) = preSolution
		Debug|Any CPU = Debug|Any CPU
		Release|Any CPU = Release|Any CPU
	EndGlobalSection
	GlobalSection(ProjectConfigurationPlatforms) = postSolution
		{ED049A74-F9D8-49B7-8889-3CD865D263AF}.Debug|Any CPU.ActiveCfg = Debug|Any CPU
		{ED049A74-F9D8-49B7-8889-3CD865D263AF}.Debug|Any CPU.Build.0 = Debug|Any CPU
		{ED049A74-F9D8-49B7-8889-3CD865D263AF}.Release|Any CPU.ActiveCfg = Release|Any CPU
		{ED049A74-F9D8-49B7-8889-3CD865D263AF}.Release|Any CPU.Build.0 = Release|Any CPU
	EndGlobalSection
	GlobalSection(SolutionProperties) = preSolution
		HideSolutionNode = FALSE
	EndGlobalSection
	GlobalSection(ExtensibilityGlobals) = postSolution
		SolutionGuid = {BEE6C16C-2AF6-426A-92A6-E684400C75AF}
	EndGlobalSection
EndGlobal
